// !$*UTF8*$!
{
	archiveVersion = 1;
	classes = {
	};
	objectVersion = 46;
	objects = {

/* Begin PBXBuildFile section */
		BB114BFA1E51494600E014AF /* main.m in Sources */ = {isa = PBXBuildFile; fileRef = BB114BF91E51494600E014AF /* main.m */; };
		BB114BFD1E51494600E014AF /* AppDelegate.m in Sources */ = {isa = PBXBuildFile; fileRef = BB114BFC1E51494600E014AF /* AppDelegate.m */; };
		BB114C001E51494600E014AF /* ViewController.m in Sources */ = {isa = PBXBuildFile; fileRef = BB114BFF1E51494600E014AF /* ViewController.m */; };
		BB114C031E51494600E014AF /* Main.storyboard in Resources */ = {isa = PBXBuildFile; fileRef = BB114C011E51494600E014AF /* Main.storyboard */; };
		BB114C051E51494600E014AF /* Assets.xcassets in Resources */ = {isa = PBXBuildFile; fileRef = BB114C041E51494600E014AF /* Assets.xcassets */; };
		BB114C081E51494600E014AF /* LaunchScreen.storyboard in Resources */ = {isa = PBXBuildFile; fileRef = BB114C061E51494600E014AF /* LaunchScreen.storyboard */; };
		BB114C2B1E51498200E014AF /* MASCompositeConstraint.m in Sources */ = {isa = PBXBuildFile; fileRef = BB114C121E51498200E014AF /* MASCompositeConstraint.m */; };
		BB114C2C1E51498200E014AF /* MASConstraint.m in Sources */ = {isa = PBXBuildFile; fileRef = BB114C151E51498200E014AF /* MASConstraint.m */; };
		BB114C2D1E51498200E014AF /* MASConstraintMaker.m in Sources */ = {isa = PBXBuildFile; fileRef = BB114C171E51498200E014AF /* MASConstraintMaker.m */; };
		BB114C2E1E51498200E014AF /* MASLayoutConstraint.m in Sources */ = {isa = PBXBuildFile; fileRef = BB114C191E51498200E014AF /* MASLayoutConstraint.m */; };
		BB114C2F1E51498200E014AF /* MASViewAttribute.m in Sources */ = {isa = PBXBuildFile; fileRef = BB114C1D1E51498200E014AF /* MASViewAttribute.m */; };
		BB114C301E51498200E014AF /* MASViewConstraint.m in Sources */ = {isa = PBXBuildFile; fileRef = BB114C1F1E51498200E014AF /* MASViewConstraint.m */; };
		BB114C311E51498200E014AF /* NSArray+MASAdditions.m in Sources */ = {isa = PBXBuildFile; fileRef = BB114C211E51498200E014AF /* NSArray+MASAdditions.m */; };
		BB114C321E51498200E014AF /* NSLayoutConstraint+MASDebugAdditions.m in Sources */ = {isa = PBXBuildFile; fileRef = BB114C241E51498200E014AF /* NSLayoutConstraint+MASDebugAdditions.m */; };
		BB114C331E51498200E014AF /* View+MASAdditions.m in Sources */ = {isa = PBXBuildFile; fileRef = BB114C261E51498200E014AF /* View+MASAdditions.m */; };
		BB114C341E51498200E014AF /* ViewController+MASAdditions.m in Sources */ = {isa = PBXBuildFile; fileRef = BB114C291E51498200E014AF /* ViewController+MASAdditions.m */; };
		BB114C371E5149EC00E014AF /* DemoCell.m in Sources */ = {isa = PBXBuildFile; fileRef = BB114C361E5149EC00E014AF /* DemoCell.m */; };
		BB114C3A1E51A5EE00E014AF /* Model1.m in Sources */ = {isa = PBXBuildFile; fileRef = BB114C391E51A5EE00E014AF /* Model1.m */; };
		BB114C3C1E51AAB200E014AF /* img@2x.png in Resources */ = {isa = PBXBuildFile; fileRef = BB114C3B1E51AAB200E014AF /* img@2x.png */; };
/* End PBXBuildFile section */

/* Begin PBXFileReference section */
		BB114BF51E51494600E014AF /* autolayouttableviewcell.app */ = {isa = PBXFileReference; explicitFileType = wrapper.application; includeInIndex = 0; path = autolayouttableviewcell.app; sourceTree = BUILT_PRODUCTS_DIR; };
		BB114BF91E51494600E014AF /* main.m */ = {isa = PBXFileReference; lastKnownFileType = sourcecode.c.objc; path = main.m; sourceTree = "<group>"; };
		BB114BFB1E51494600E014AF /* AppDelegate.h */ = {isa = PBXFileReference; lastKnownFileType = sourcecode.c.h; path = AppDelegate.h; sourceTree = "<group>"; };
		BB114BFC1E51494600E014AF /* AppDelegate.m */ = {isa = PBXFileReference; lastKnownFileType = sourcecode.c.objc; path = AppDelegate.m; sourceTree = "<group>"; };
		BB114BFE1E51494600E014AF /* ViewController.h */ = {isa = PBXFileReference; lastKnownFileType = sourcecode.c.h; path = ViewController.h; sourceTree = "<group>"; };
		BB114BFF1E51494600E014AF /* ViewController.m */ = {isa = PBXFileReference; lastKnownFileType = sourcecode.c.objc; path = ViewController.m; sourceTree = "<group>"; };
		BB114C021E51494600E014AF /* Base */ = {isa = PBXFileReference; lastKnownFileType = file.storyboard; name = Base; path = Base.lproj/Main.storyboard; sourceTree = "<group>"; };
		BB114C041E51494600E014AF /* Assets.xcassets */ = {isa = PBXFileReference; lastKnownFileType = folder.assetcatalog; path = Assets.xcassets; sourceTree = "<group>"; };
		BB114C071E51494600E014AF /* Base */ = {isa = PBXFileReference; lastKnownFileType = file.storyboard; name = Base; path = Base.lproj/LaunchScreen.storyboard; sourceTree = "<group>"; };
		BB114C091E51494600E014AF /* Info.plist */ = {isa = PBXFileReference; lastKnownFileType = text.plist.xml; path = Info.plist; sourceTree = "<group>"; };
		BB114C111E51498200E014AF /* MASCompositeConstraint.h */ = {isa = PBXFileReference; fileEncoding = 4; lastKnownFileType = sourcecode.c.h; path = MASCompositeConstraint.h; sourceTree = "<group>"; };
		BB114C121E51498200E014AF /* MASCompositeConstraint.m */ = {isa = PBXFileReference; fileEncoding = 4; lastKnownFileType = sourcecode.c.objc; path = MASCompositeConstraint.m; sourceTree = "<group>"; };
		BB114C131E51498200E014AF /* MASConstraint+Private.h */ = {isa = PBXFileReference; fileEncoding = 4; lastKnownFileType = sourcecode.c.h; path = "MASConstraint+Private.h"; sourceTree = "<group>"; };
		BB114C141E51498200E014AF /* MASConstraint.h */ = {isa = PBXFileReference; fileEncoding = 4; lastKnownFileType = sourcecode.c.h; path = MASConstraint.h; sourceTree = "<group>"; };
		BB114C151E51498200E014AF /* MASConstraint.m */ = {isa = PBXFileReference; fileEncoding = 4; lastKnownFileType = sourcecode.c.objc; path = MASConstraint.m; sourceTree = "<group>"; };
		BB114C161E51498200E014AF /* MASConstraintMaker.h */ = {isa = PBXFileReference; fileEncoding = 4; lastKnownFileType = sourcecode.c.h; path = MASConstraintMaker.h; sourceTree = "<group>"; };
		BB114C171E51498200E014AF /* MASConstraintMaker.m */ = {isa = PBXFileReference; fileEncoding = 4; lastKnownFileType = sourcecode.c.objc; path = MASConstraintMaker.m; sourceTree = "<group>"; };
		BB114C181E51498200E014AF /* MASLayoutConstraint.h */ = {isa = PBXFileReference; fileEncoding = 4; lastKnownFileType = sourcecode.c.h; path = MASLayoutConstraint.h; sourceTree = "<group>"; };
		BB114C191E51498200E014AF /* MASLayoutConstraint.m */ = {isa = PBXFileReference; fileEncoding = 4; lastKnownFileType = sourcecode.c.objc; path = MASLayoutConstraint.m; sourceTree = "<group>"; };
		BB114C1A1E51498200E014AF /* Masonry.h */ = {isa = PBXFileReference; fileEncoding = 4; lastKnownFileType = sourcecode.c.h; path = Masonry.h; sourceTree = "<group>"; };
		BB114C1B1E51498200E014AF /* MASUtilities.h */ = {isa = PBXFileReference; fileEncoding = 4; lastKnownFileType = sourcecode.c.h; path = MASUtilities.h; sourceTree = "<group>"; };
		BB114C1C1E51498200E014AF /* MASViewAttribute.h */ = {isa = PBXFileReference; fileEncoding = 4; lastKnownFileType = sourcecode.c.h; path = MASViewAttribute.h; sourceTree = "<group>"; };
		BB114C1D1E51498200E014AF /* MASViewAttribute.m */ = {isa = PBXFileReference; fileEncoding = 4; lastKnownFileType = sourcecode.c.objc; path = MASViewAttribute.m; sourceTree = "<group>"; };
		BB114C1E1E51498200E014AF /* MASViewConstraint.h */ = {isa = PBXFileReference; fileEncoding = 4; lastKnownFileType = sourcecode.c.h; path = MASViewConstraint.h; sourceTree = "<group>"; };
		BB114C1F1E51498200E014AF /* MASViewConstraint.m */ = {isa = PBXFileReference; fileEncoding = 4; lastKnownFileType = sourcecode.c.objc; path = MASViewConstraint.m; sourceTree = "<group>"; };
		BB114C201E51498200E014AF /* NSArray+MASAdditions.h */ = {isa = PBXFileReference; fileEncoding = 4; lastKnownFileType = sourcecode.c.h; path = "NSArray+MASAdditions.h"; sourceTree = "<group>"; };
		BB114C211E51498200E014AF /* NSArray+MASAdditions.m */ = {isa = PBXFileReference; fileEncoding = 4; lastKnownFileType = sourcecode.c.objc; path = "NSArray+MASAdditions.m"; sourceTree = "<group>"; };
		BB114C221E51498200E014AF /* NSArray+MASShorthandAdditions.h */ = {isa = PBXFileReference; fileEncoding = 4; lastKnownFileType = sourcecode.c.h; path = "NSArray+MASShorthandAdditions.h"; sourceTree = "<group>"; };
		BB114C231E51498200E014AF /* NSLayoutConstraint+MASDebugAdditions.h */ = {isa = PBXFileReference; fileEncoding = 4; lastKnownFileType = sourcecode.c.h; path = "NSLayoutConstraint+MASDebugAdditions.h"; sourceTree = "<group>"; };
		BB114C241E51498200E014AF /* NSLayoutConstraint+MASDebugAdditions.m */ = {isa = PBXFileReference; fileEncoding = 4; lastKnownFileType = sourcecode.c.objc; path = "NSLayoutConstraint+MASDebugAdditions.m"; sourceTree = "<group>"; };
		BB114C251E51498200E014AF /* View+MASAdditions.h */ = {isa = PBXFileReference; fileEncoding = 4; lastKnownFileType = sourcecode.c.h; path = "View+MASAdditions.h"; sourceTree = "<group>"; };
		BB114C261E51498200E014AF /* View+MASAdditions.m */ = {isa = PBXFileReference; fileEncoding = 4; lastKnownFileType = sourcecode.c.objc; path = "View+MASAdditions.m"; sourceTree = "<group>"; };
		BB114C271E51498200E014AF /* View+MASShorthandAdditions.h */ = {isa = PBXFileReference; fileEncoding = 4; lastKnownFileType = sourcecode.c.h; path = "View+MASShorthandAdditions.h"; sourceTree = "<group>"; };
		BB114C281E51498200E014AF /* ViewController+MASAdditions.h */ = {isa = PBXFileReference; fileEncoding = 4; lastKnownFileType = sourcecode.c.h; path = "ViewController+MASAdditions.h"; sourceTree = "<group>"; };
		BB114C291E51498200E014AF /* ViewController+MASAdditions.m */ = {isa = PBXFileReference; fileEncoding = 4; lastKnownFileType = sourcecode.c.objc; path = "ViewController+MASAdditions.m"; sourceTree = "<group>"; };
		BB114C351E5149EC00E014AF /* DemoCell.h */ = {isa = PBXFileReference; fileEncoding = 4; lastKnownFileType = sourcecode.c.h; path = DemoCell.h; sourceTree = "<group>"; };
		BB114C361E5149EC00E014AF /* DemoCell.m */ = {isa = PBXFileReference; fileEncoding = 4; lastKnownFileType = sourcecode.c.objc; path = DemoCell.m; sourceTree = "<group>"; };
		BB114C381E51A5EE00E014AF /* Model1.h */ = {isa = PBXFileReference; fileEncoding = 4; lastKnownFileType = sourcecode.c.h; path = Model1.h; sourceTree = "<group>"; };
		BB114C391E51A5EE00E014AF /* Model1.m */ = {isa = PBXFileReference; fileEncoding = 4; lastKnownFileType = sourcecode.c.objc; path = Model1.m; sourceTree = "<group>"; };
		BB114C3B1E51AAB200E014AF /* img@2x.png */ = {isa = PBXFileReference; lastKnownFileType = image.png; path = "img@2x.png"; sourceTree = "<group>"; };
/* End PBXFileReference section */

/* Begin PBXFrameworksBuildPhase section */
		BB114BF21E51494600E014AF /* Frameworks */ = {
			isa = PBXFrameworksBuildPhase;
			buildActionMask = 2147483647;
			files = (
			);
			runOnlyForDeploymentPostprocessing = 0;
		};
/* End PBXFrameworksBuildPhase section */

/* Begin PBXGroup section */
		BB114BEC1E51494600E014AF = {
			isa = PBXGroup;
			children = (
				BB114BF71E51494600E014AF /* autolayouttableviewcell */,
				BB114BF61E51494600E014AF /* Products */,
			);
			sourceTree = "<group>";
		};
		BB114BF61E51494600E014AF /* Products */ = {
			isa = PBXGroup;
			children = (
				BB114BF51E51494600E014AF /* autolayouttableviewcell.app */,
			);
			name = Products;
			sourceTree = "<group>";
		};
		BB114BF71E51494600E014AF /* autolayouttableviewcell */ = {
			isa = PBXGroup;
			children = (
				BB114C3B1E51AAB200E014AF /* img@2x.png */,
				BB114C0F1E51498200E014AF /* Masonry */,
				BB114BFB1E51494600E014AF /* AppDelegate.h */,
				BB114BFC1E51494600E014AF /* AppDelegate.m */,
				BB114BFE1E51494600E014AF /* ViewController.h */,
				BB114BFF1E51494600E014AF /* ViewController.m */,
				BB114C011E51494600E014AF /* Main.storyboard */,
				BB114C041E51494600E014AF /* Assets.xcassets */,
				BB114C061E51494600E014AF /* LaunchScreen.storyboard */,
				BB114C091E51494600E014AF /* Info.plist */,
				BB114BF81E51494600E014AF /* Supporting Files */,
				BB114C351E5149EC00E014AF /* DemoCell.h */,
				BB114C361E5149EC00E014AF /* DemoCell.m */,
				BB114C381E51A5EE00E014AF /* Model1.h */,
				BB114C391E51A5EE00E014AF /* Model1.m */,
			);
			path = autolayouttableviewcell;
			sourceTree = "<group>";
		};
		BB114BF81E51494600E014AF /* Supporting Files */ = {
			isa = PBXGroup;
			children = (
				BB114BF91E51494600E014AF /* main.m */,
			);
			name = "Supporting Files";
			sourceTree = "<group>";
		};
		BB114C0F1E51498200E014AF /* Masonry */ = {
			isa = PBXGroup;
			children = (
				BB114C111E51498200E014AF /* MASCompositeConstraint.h */,
				BB114C121E51498200E014AF /* MASCompositeConstraint.m */,
				BB114C131E51498200E014AF /* MASConstraint+Private.h */,
				BB114C141E51498200E014AF /* MASConstraint.h */,
				BB114C151E51498200E014AF /* MASConstraint.m */,
				BB114C161E51498200E014AF /* MASConstraintMaker.h */,
				BB114C171E51498200E014AF /* MASConstraintMaker.m */,
				BB114C181E51498200E014AF /* MASLayoutConstraint.h */,
				BB114C191E51498200E014AF /* MASLayoutConstraint.m */,
				BB114C1A1E51498200E014AF /* Masonry.h */,
				BB114C1B1E51498200E014AF /* MASUtilities.h */,
				BB114C1C1E51498200E014AF /* MASViewAttribute.h */,
				BB114C1D1E51498200E014AF /* MASViewAttribute.m */,
				BB114C1E1E51498200E014AF /* MASViewConstraint.h */,
				BB114C1F1E51498200E014AF /* MASViewConstraint.m */,
				BB114C201E51498200E014AF /* NSArray+MASAdditions.h */,
				BB114C211E51498200E014AF /* NSArray+MASAdditions.m */,
				BB114C221E51498200E014AF /* NSArray+MASShorthandAdditions.h */,
				BB114C231E51498200E014AF /* NSLayoutConstraint+MASDebugAdditions.h */,
				BB114C241E51498200E014AF /* NSLayoutConstraint+MASDebugAdditions.m */,
				BB114C251E51498200E014AF /* View+MASAdditions.h */,
				BB114C261E51498200E014AF /* View+MASAdditions.m */,
				BB114C271E51498200E014AF /* View+MASShorthandAdditions.h */,
				BB114C281E51498200E014AF /* ViewController+MASAdditions.h */,
				BB114C291E51498200E014AF /* ViewController+MASAdditions.m */,
			);
			path = Masonry;
			sourceTree = "<group>";
		};
/* End PBXGroup section */

/* Begin PBXNativeTarget section */
		BB114BF41E51494600E014AF /* autolayouttableviewcell */ = {
			isa = PBXNativeTarget;
			buildConfigurationList = BB114C0C1E51494600E014AF /* Build configuration list for PBXNativeTarget "autolayouttableviewcell" */;
			buildPhases = (
				BB114BF11E51494600E014AF /* Sources */,
				BB114BF21E51494600E014AF /* Frameworks */,
				BB114BF31E51494600E014AF /* Resources */,
			);
			buildRules = (
			);
			dependencies = (
			);
			name = autolayouttableviewcell;
			productName = autolayouttableviewcell;
			productReference = BB114BF51E51494600E014AF /* autolayouttableviewcell.app */;
			productType = "com.apple.product-type.application";
		};
/* End PBXNativeTarget section */

/* Begin PBXProject section */
		BB114BED1E51494600E014AF /* Project object */ = {
			isa = PBXProject;
			attributes = {
				LastUpgradeCheck = 0720;
				ORGANIZATIONNAME = jam;
				TargetAttributes = {
					BB114BF41E51494600E014AF = {
						CreatedOnToolsVersion = 7.2.1;
						DevelopmentTeam = KPC52YPZEQ;
					};
				};
			};
			buildConfigurationList = BB114BF01E51494600E014AF /* Build configuration list for PBXProject "autolayouttableviewcell" */;
			compatibilityVersion = "Xcode 3.2";
			developmentRegion = English;
			hasScannedForEncodings = 0;
			knownRegions = (
				en,
				Base,
			);
			mainGroup = BB114BEC1E51494600E014AF;
			productRefGroup = BB114BF61E51494600E014AF /* Products */;
			projectDirPath = "";
			projectRoot = "";
			targets = (
				BB114BF41E51494600E014AF /* autolayouttableviewcell */,
			);
		};
/* End PBXProject section */

/* Begin PBXResourcesBuildPhase section */
		BB114BF31E51494600E014AF /* Resources */ = {
			isa = PBXResourcesBuildPhase;
			buildActionMask = 2147483647;
			files = (
				BB114C081E51494600E014AF /* LaunchScreen.storyboard in Resources */,
				BB114C051E51494600E014AF /* Assets.xcassets in Resources */,
				BB114C031E51494600E014AF /* Main.storyboard in Resources */,
				BB114C3C1E51AAB200E014AF /* img@2x.png in Resources */,
			);
			runOnlyForDeploymentPostprocessing = 0;
		};
/* End PBXResourcesBuildPhase section */

/* Begin PBXSourcesBuildPhase section */
		BB114BF11E51494600E014AF /* Sources */ = {
			isa = PBXSourcesBuildPhase;
			buildActionMask = 2147483647;
			files = (
				BB114C321E51498200E014AF /* NSLayoutConstraint+MASDebugAdditions.m in Sources */,
				BB114C3A1E51A5EE00E014AF /* Model1.m in Sources */,
				BB114C301E51498200E014AF /* MASViewConstraint.m in Sources */,
				BB114C2B1E51498200E014AF /* MASCompositeConstraint.m in Sources */,
				BB114C311E51498200E014AF /* NSArray+MASAdditions.m in Sources */,
				BB114C001E51494600E014AF /* ViewController.m in Sources */,
				BB114BFD1E51494600E014AF /* AppDelegate.m in Sources */,
				BB114C2E1E51498200E014AF /* MASLayoutConstraint.m in Sources */,
				BB114BFA1E51494600E014AF /* main.m in Sources */,
				BB114C341E51498200E014AF /* ViewController+MASAdditions.m in Sources */,
				BB114C331E51498200E014AF /* View+MASAdditions.m in Sources */,
				BB114C371E5149EC00E014AF /* DemoCell.m in Sources */,
				BB114C2F1E51498200E014AF /* MASViewAttribute.m in Sources */,
				BB114C2C1E51498200E014AF /* MASConstraint.m in Sources */,
				BB114C2D1E51498200E014AF /* MASConstraintMaker.m in Sources */,
			);
			runOnlyForDeploymentPostprocessing = 0;
		};
/* End PBXSourcesBuildPhase section */

/* Begin PBXVariantGroup section */
		BB114C011E51494600E014AF /* Main.storyboard */ = {
			isa = PBXVariantGroup;
			children = (
				BB114C021E51494600E014AF /* Base */,
			);
			name = Main.storyboard;
			sourceTree = "<group>";
		};
		BB114C061E51494600E014AF /* LaunchScreen.storyboard */ = {
			isa = PBXVariantGroup;
			children = (
				BB114C071E51494600E014AF /* Base */,
			);
			name = LaunchScreen.storyboard;
			sourceTree = "<group>";
		};
/* End PBXVariantGroup section */

/* Begin XCBuildConfiguration section */
		BB114C0A1E51494600E014AF /* Debug */ = {
			isa = XCBuildConfiguration;
			buildSettings = {
				ALWAYS_SEARCH_USER_PATHS = NO;
				CLANG_CXX_LANGUAGE_STANDARD = "gnu++0x";
				CLANG_CXX_LIBRARY = "libc++";
				CLANG_ENABLE_MODULES = YES;
				CLANG_ENABLE_OBJC_ARC = YES;
				CLANG_WARN_BOOL_CONVERSION = YES;
				CLANG_WARN_CONSTANT_CONVERSION = YES;
				CLANG_WARN_DIRECT_OBJC_ISA_USAGE = YES_ERROR;
				CLANG_WARN_EMPTY_BODY = YES;
				CLANG_WARN_ENUM_CONVERSION = YES;
				CLANG_WARN_INT_CONVERSION = YES;
				CLANG_WARN_OBJC_ROOT_CLASS = YES_ERROR;
				CLANG_WARN_UNREACHABLE_CODE = YES;
				CLANG_WARN__DUPLICATE_METHOD_MATCH = YES;
				"CODE_SIGN_IDENTITY[sdk=iphoneos*]" = "iPhone Developer";
				COPY_PHASE_STRIP = NO;
				DEBUG_INFORMATION_FORMAT = dwarf;
				ENABLE_STRICT_OBJC_MSGSEND = YES;
				ENABLE_TESTABILITY = YES;
				GCC_C_LANGUAGE_STANDARD = gnu99;
				GCC_DYNAMIC_NO_PIC = NO;
				GCC_NO_COMMON_BLOCKS = YES;
				GCC_OPTIMIZATION_LEVEL = 0;
				GCC_PREPROCESSOR_DEFINITIONS = (
					"DEBUG=1",
					"$(inherited)",
				);
				GCC_WARN_64_TO_32_BIT_CONVERSION = YES;
				GCC_WARN_ABOUT_RETURN_TYPE = YES_ERROR;
				GCC_WARN_UNDECLARED_SELECTOR = YES;
				GCC_WARN_UNINITIALIZED_AUTOS = YES_AGGRESSIVE;
				GCC_WARN_UNUSED_FUNCTION = YES;
				GCC_WARN_UNUSED_VARIABLE = YES;
				IPHONEOS_DEPLOYMENT_TARGET = 9.2;
				MTL_ENABLE_DEBUG_INFO = YES;
				ONLY_ACTIVE_ARCH = YES;
				SDKROOT = iphoneos;
			};
			name = Debug;
		};
		BB114C0B1E51494600E014AF /* Release */ = {
			isa = XCBuildConfiguration;
			buildSettings = {
				ALWAYS_SEARCH_USER_PATHS = NO;
				CLANG_CXX_LANGUAGE_STANDARD = "gnu++0x";
				CLANG_CXX_LIBRARY = "libc++";
				CLANG_ENABLE_MODULES = YES;
				CLANG_ENABLE_OBJC_ARC = YES;
				CLANG_WARN_BOOL_CONVERSION = YES;
				CLANG_WARN_CONSTANT_CONVERSION = YES;
				CLANG_WARN_DIRECT_OBJC_ISA_USAGE = YES_ERROR;
				CLANG_WARN_EMPTY_BODY = YES;
				CLANG_WARN_ENUM_CONVERSION = YES;
				CLANG_WARN_INT_CONVERSION = YES;
				CLANG_WARN_OBJC_ROOT_CLASS = YES_ERROR;
				CLANG_WARN_UNREACHABLE_CODE = YES;
				CLANG_WARN__DUPLICATE_METHOD_MATCH = YES;
				"CODE_SIGN_IDENTITY[sdk=iphoneos*]" = "iPhone Developer";
				COPY_PHASE_STRIP = NO;
				DEBUG_INFORMATION_FORMAT = "dwarf-with-dsym";
				ENABLE_NS_ASSERTIONS = NO;
				ENABLE_STRICT_OBJC_MSGSEND = YES;
				GCC_C_LANGUAGE_STANDARD = gnu99;
				GCC_NO_COMMON_BLOCKS = YES;
				GCC_WARN_64_TO_32_BIT_CONVERSION = YES;
				GCC_WARN_ABOUT_RETURN_TYPE = YES_ERROR;
				GCC_WARN_UNDECLARED_SELECTOR = YES;
				GCC_WARN_UNINITIALIZED_AUTOS = YES_AGGRESSIVE;
				GCC_WARN_UNUSED_FUNCTION = YES;
				GCC_WARN_UNUSED_VARIABLE = YES;
				IPHONEOS_DEPLOYMENT_TARGET = 9.2;
				MTL_ENABLE_DEBUG_INFO = NO;
				SDKROOT = iphoneos;
				VALIDATE_PRODUCT = YES;
			};
			name = Release;
		};
		BB114C0D1E51494600E014AF /* Debug */ = {
			isa = XCBuildConfiguration;
			buildSettings = {
				ASSETCATALOG_COMPILER_APPICON_NAME = AppIcon;
				CODE_SIGN_IDENTITY = "iPhone Developer";
				INFOPLIST_FILE = autolayouttableviewcell/Info.plist;
				IPHONEOS_DEPLOYMENT_TARGET = 8.1;
				LD_RUNPATH_SEARCH_PATHS = "$(inherited) @executable_path/Frameworks";
				PRODUCT_BUNDLE_IDENTIFIER = com.gzido.autolayouttableviewcell;
				PRODUCT_NAME = "$(TARGET_NAME)";
			};
			name = Debug;
		};
		BB114C0E1E51494600E014AF /* Release */ = {
			isa = XCBuildConfiguration;
			buildSettings = {
				ASSETCATALOG_COMPILER_APPICON_NAME = AppIcon;
				CODE_SIGN_IDENTITY = "iPhone Developer";
				INFOPLIST_FILE = autolayouttableviewcell/Info.plist;
				IPHONEOS_DEPLOYMENT_TARGET = 8.1;
				LD_RUNPATH_SEARCH_PATHS = "$(inherited) @executable_path/Frameworks";
				PRODUCT_BUNDLE_IDENTIFIER = com.gzido.autolayouttableviewcell;
				PRODUCT_NAME = "$(TARGET_NAME)";
			};
			name = Release;
		};
/* End XCBuildConfiguration section */

/* Begin XCConfigurationList section */
		BB114BF01E51494600E014AF /* Build configuration list for PBXProject "autolayouttableviewcell" */ = {
			isa = XCConfigurationList;
			buildConfigurations = (
				BB114C0A1E51494600E014AF /* Debug */,
				BB114C0B1E51494600E014AF /* Release */,
			);
			defaultConfigurationIsVisible = 0;
			defaultConfigurationName = Release;
		};
		BB114C0C1E51494600E014AF /* Build configuration list for PBXNativeTarget "autolayouttableviewcell" */ = {
			isa = XCConfigurationList;
			buildConfigurations = (
				BB114C0D1E51494600E014AF /* Debug */,
				BB114C0E1E51494600E014AF /* Release */,
			);
			defaultConfigurationIsVisible = 0;
			defaultConfigurationName = Release;
		};
/* End XCConfigurationList section */
	};
	rootObject = BB114BED1E51494600E014AF /* Project object */;
}
